
Microsoft Visual Studio Solution File, Format Version 12.00
# Visual Studio Version 17
VisualStudioVersion = 17.14.36429.23 d17.14
MinimumVisualStudioVersion = 10.0.40219.1
Project("{FAE04EC0-301F-11D3-BF4B-00C04F79EFBC}") = "ContestLogProcessor.Console", "ContestLogProcessor.Console\ContestLogProcessor.Console.csproj", "{33D82D43-C6C5-4945-A1CD-FF38730451D3}"
EndProject
Project("{FAE04EC0-301F-11D3-BF4B-00C04F79EFBC}") = "ContestLogProcessor.Lib", "ContestLogProcessor.Lib\ContestLogProcessor.Lib.csproj", "{AC484DFD-82A9-4DCF-8945-8C25C1C04B07}"
EndProject
Project("{2150E333-8FDC-42A3-9474-1A3956D46DE8}") = ".github", ".github", "{02EA681E-C7D8-13C7-8484-4AC65E1B71E8}"
EndProject
Global
	GlobalSection(SolutionConfigurationPlatforms) = preSolution
		Debug|Any CPU = Debug|Any CPU
		Release|Any CPU = Release|Any CPU
	EndGlobalSection
	GlobalSection(ProjectConfigurationPlatforms) = postSolution
		{33D82D43-C6C5-4945-A1CD-FF38730451D3}.Debug|Any CPU.ActiveCfg = Debug|Any CPU
		{33D82D43-C6C5-4945-A1CD-FF38730451D3}.Debug|Any CPU.Build.0 = Debug|Any CPU
		{33D82D43-C6C5-4945-A1CD-FF38730451D3}.Release|Any CPU.ActiveCfg = Release|Any CPU
		{33D82D43-C6C5-4945-A1CD-FF38730451D3}.Release|Any CPU.Build.0 = Release|Any CPU
		{AC484DFD-82A9-4DCF-8945-8C25C1C04B07}.Debug|Any CPU.ActiveCfg = Debug|Any CPU
		{AC484DFD-82A9-4DCF-8945-8C25C1C04B07}.Debug|Any CPU.Build.0 = Debug|Any CPU
		{AC484DFD-82A9-4DCF-8945-8C25C1C04B07}.Release|Any CPU.ActiveCfg = Release|Any CPU
		{AC484DFD-82A9-4DCF-8945-8C25C1C04B07}.Release|Any CPU.Build.0 = Release|Any CPU
	EndGlobalSection
	GlobalSection(SolutionProperties) = preSolution
		HideSolutionNode = FALSE
	EndGlobalSection
	GlobalSection(ExtensibilityGlobals) = postSolution
		SolutionGuid = {769FB685-5BF3-498E-840B-70C78499436D}
	EndGlobalSection
EndGlobal
